
Microsoft Visual Studio Solution File, Format Version 12.00
# Visual Studio Version 16
VisualStudioVersion = 16.0.30114.105
MinimumVisualStudioVersion = 10.0.40219.1
Project("{FAE04EC0-301F-11D3-BF4B-00C04F79EFBC}") = "MusicApi.WebAPI", "MusicApi.WebAPI\MusicApi.WebAPI.csproj", "{1E4D879A-C314-4C8C-8948-CC12080398C2}"
EndProject
Project("{FAE04EC0-301F-11D3-BF4B-00C04F79EFBC}") = "MusicApi.Data", "MusicApi.Data\MusicApi.Data.csproj", "{12CF1551-290E-4A71-BBFE-294EB4E517A0}"
EndProject
Project("{FAE04EC0-301F-11D3-BF4B-00C04F79EFBC}") = "MusicApi.Models", "MusicApi.Models\MusicApi.Models.csproj", "{C66EE7D7-9C31-4E5F-A764-33786D5A1B50}"
EndProject
Project("{FAE04EC0-301F-11D3-BF4B-00C04F79EFBC}") = "MusicApi.Service", "MusicApi.Service\MusicApi.Service.csproj", "{9898E256-A92F-480A-9607-66CA8E1D233E}"
EndProject
Global
	GlobalSection(SolutionConfigurationPlatforms) = preSolution
		Debug|Any CPU = Debug|Any CPU
		Debug|x64 = Debug|x64
		Debug|x86 = Debug|x86
		Release|Any CPU = Release|Any CPU
		Release|x64 = Release|x64
		Release|x86 = Release|x86
	EndGlobalSection
	GlobalSection(SolutionProperties) = preSolution
		HideSolutionNode = FALSE
	EndGlobalSection
	GlobalSection(ProjectConfigurationPlatforms) = postSolution
		{1E4D879A-C314-4C8C-8948-CC12080398C2}.Debug|Any CPU.ActiveCfg = Debug|Any CPU
		{1E4D879A-C314-4C8C-8948-CC12080398C2}.Debug|Any CPU.Build.0 = Debug|Any CPU
		{1E4D879A-C314-4C8C-8948-CC12080398C2}.Debug|x64.ActiveCfg = Debug|Any CPU
		{1E4D879A-C314-4C8C-8948-CC12080398C2}.Debug|x64.Build.0 = Debug|Any CPU
		{1E4D879A-C314-4C8C-8948-CC12080398C2}.Debug|x86.ActiveCfg = Debug|Any CPU
		{1E4D879A-C314-4C8C-8948-CC12080398C2}.Debug|x86.Build.0 = Debug|Any CPU
		{1E4D879A-C314-4C8C-8948-CC12080398C2}.Release|Any CPU.ActiveCfg = Release|Any CPU
		{1E4D879A-C314-4C8C-8948-CC12080398C2}.Release|Any CPU.Build.0 = Release|Any CPU
		{1E4D879A-C314-4C8C-8948-CC12080398C2}.Release|x64.ActiveCfg = Release|Any CPU
		{1E4D879A-C314-4C8C-8948-CC12080398C2}.Release|x64.Build.0 = Release|Any CPU
		{1E4D879A-C314-4C8C-8948-CC12080398C2}.Release|x86.ActiveCfg = Release|Any CPU
		{1E4D879A-C314-4C8C-8948-CC12080398C2}.Release|x86.Build.0 = Release|Any CPU
		{12CF1551-290E-4A71-BBFE-294EB4E517A0}.Debug|Any CPU.ActiveCfg = Debug|Any CPU
		{12CF1551-290E-4A71-BBFE-294EB4E517A0}.Debug|Any CPU.Build.0 = Debug|Any CPU
		{12CF1551-290E-4A71-BBFE-294EB4E517A0}.Debug|x64.ActiveCfg = Debug|Any CPU
		{12CF1551-290E-4A71-BBFE-294EB4E517A0}.Debug|x64.Build.0 = Debug|Any CPU
		{12CF1551-290E-4A71-BBFE-294EB4E517A0}.Debug|x86.ActiveCfg = Debug|Any CPU
		{12CF1551-290E-4A71-BBFE-294EB4E517A0}.Debug|x86.Build.0 = Debug|Any CPU
		{12CF1551-290E-4A71-BBFE-294EB4E517A0}.Release|Any CPU.ActiveCfg = Release|Any CPU
		{12CF1551-290E-4A71-BBFE-294EB4E517A0}.Release|Any CPU.Build.0 = Release|Any CPU
		{12CF1551-290E-4A71-BBFE-294EB4E517A0}.Release|x64.ActiveCfg = Release|Any CPU
		{12CF1551-290E-4A71-BBFE-294EB4E517A0}.Release|x64.Build.0 = Release|Any CPU
		{12CF1551-290E-4A71-BBFE-294EB4E517A0}.Release|x86.ActiveCfg = Release|Any CPU
		{12CF1551-290E-4A71-BBFE-294EB4E517A0}.Release|x86.Build.0 = Release|Any CPU
		{C66EE7D7-9C31-4E5F-A764-33786D5A1B50}.Debug|Any CPU.ActiveCfg = Debug|Any CPU
		{C66EE7D7-9C31-4E5F-A764-33786D5A1B50}.Debug|Any CPU.Build.0 = Debug|Any CPU
		{C66EE7D7-9C31-4E5F-A764-33786D5A1B50}.Debug|x64.ActiveCfg = Debug|Any CPU
		{C66EE7D7-9C31-4E5F-A764-33786D5A1B50}.Debug|x64.Build.0 = Debug|Any CPU
		{C66EE7D7-9C31-4E5F-A764-33786D5A1B50}.Debug|x86.ActiveCfg = Debug|Any CPU
		{C66EE7D7-9C31-4E5F-A764-33786D5A1B50}.Debug|x86.Build.0 = Debug|Any CPU
		{C66EE7D7-9C31-4E5F-A764-33786D5A1B50}.Release|Any CPU.ActiveCfg = Release|Any CPU
		{C66EE7D7-9C31-4E5F-A764-33786D5A1B50}.Release|Any CPU.Build.0 = Release|Any CPU
		{C66EE7D7-9C31-4E5F-A764-33786D5A1B50}.Release|x64.ActiveCfg = Release|Any CPU
		{C66EE7D7-9C31-4E5F-A764-33786D5A1B50}.Release|x64.Build.0 = Release|Any CPU
		{C66EE7D7-9C31-4E5F-A764-33786D5A1B50}.Release|x86.ActiveCfg = Release|Any CPU
		{C66EE7D7-9C31-4E5F-A764-33786D5A1B50}.Release|x86.Build.0 = Release|Any CPU
		{9898E256-A92F-480A-9607-66CA8E1D233E}.Debug|Any CPU.ActiveCfg = Debug|Any CPU
		{9898E256-A92F-480A-9607-66CA8E1D233E}.Debug|Any CPU.Build.0 = Debug|Any CPU
		{9898E256-A92F-480A-9607-66CA8E1D233E}.Debug|x64.ActiveCfg = Debug|Any CPU
		{9898E256-A92F-480A-9607-66CA8E1D233E}.Debug|x64.Build.0 = Debug|Any CPU
		{9898E256-A92F-480A-9607-66CA8E1D233E}.Debug|x86.ActiveCfg = Debug|Any CPU
		{9898E256-A92F-480A-9607-66CA8E1D233E}.Debug|x86.Build.0 = Debug|Any CPU
		{9898E256-A92F-480A-9607-66CA8E1D233E}.Release|Any CPU.ActiveCfg = Release|Any CPU
		{9898E256-A92F-480A-9607-66CA8E1D233E}.Release|Any CPU.Build.0 = Release|Any CPU
		{9898E256-A92F-480A-9607-66CA8E1D233E}.Release|x64.ActiveCfg = Release|Any CPU
		{9898E256-A92F-480A-9607-66CA8E1D233E}.Release|x64.Build.0 = Release|Any CPU
		{9898E256-A92F-480A-9607-66CA8E1D233E}.Release|x86.ActiveCfg = Release|Any CPU
		{9898E256-A92F-480A-9607-66CA8E1D233E}.Release|x86.Build.0 = Release|Any CPU
	EndGlobalSection
EndGlobal
